
Microsoft Visual Studio Solution File, Format Version 12.00
# Visual Studio 15
VisualStudioVersion = 15.0.27703.2018
MinimumVisualStudioVersion = 10.0.40219.1
Project("{FAE04EC0-301F-11D3-BF4B-00C04F79EFBC}") = "remise", "remise\remise.csproj", "{7E4A9A99-DAEB-418E-8B64-A7EDF295E75E}"
EndProject
Global
	GlobalSection(SolutionConfigurationPlatforms) = preSolution
		Debug|Any CPU = Debug|Any CPU
		Release|Any CPU = Release|Any CPU
	EndGlobalSection
	GlobalSection(ProjectConfigurationPlatforms) = postSolution
		{7E4A9A99-DAEB-418E-8B64-A7EDF295E75E}.Debug|Any CPU.ActiveCfg = Debug|Any CPU
		{7E4A9A99-DAEB-418E-8B64-A7EDF295E75E}.Debug|Any CPU.Build.0 = Debug|Any CPU
		{7E4A9A99-DAEB-418E-8B64-A7EDF295E75E}.Release|Any CPU.ActiveCfg = Release|Any CPU
		{7E4A9A99-DAEB-418E-8B64-A7EDF295E75E}.Release|Any CPU.Build.0 = Release|Any CPU
	EndGlobalSection
	GlobalSection(SolutionProperties) = preSolution
		HideSolutionNode = FALSE
	EndGlobalSection
	GlobalSection(ExtensibilityGlobals) = postSolution
		SolutionGuid = {5D2F6474-CCD1-4F57-BC9B-36EDDCCC9158}
	EndGlobalSection
EndGlobal
