
Microsoft Visual Studio Solution File, Format Version 12.00
# Visual Studio 15
VisualStudioVersion = 15.0.27703.2018
MinimumVisualStudioVersion = 10.0.40219.1
Project("{FAE04EC0-301F-11D3-BF4B-00C04F79EFBC}") = "brouillon", "ConsoleApp1\brouillon.csproj", "{E0F5015E-9730-4880-9610-A499A0592FA2}"
EndProject
Project("{FAE04EC0-301F-11D3-BF4B-00C04F79EFBC}") = "remise", "ConsoleApp2\remise.csproj", "{697D5EC7-E9DA-4A24-96D8-0AF5549DE9EE}"
EndProject
Global
	GlobalSection(SolutionConfigurationPlatforms) = preSolution
		Debug|Any CPU = Debug|Any CPU
		Release|Any CPU = Release|Any CPU
	EndGlobalSection
	GlobalSection(ProjectConfigurationPlatforms) = postSolution
		{E0F5015E-9730-4880-9610-A499A0592FA2}.Debug|Any CPU.ActiveCfg = Debug|Any CPU
		{E0F5015E-9730-4880-9610-A499A0592FA2}.Debug|Any CPU.Build.0 = Debug|Any CPU
		{E0F5015E-9730-4880-9610-A499A0592FA2}.Release|Any CPU.ActiveCfg = Release|Any CPU
		{E0F5015E-9730-4880-9610-A499A0592FA2}.Release|Any CPU.Build.0 = Release|Any CPU
		{697D5EC7-E9DA-4A24-96D8-0AF5549DE9EE}.Debug|Any CPU.ActiveCfg = Debug|Any CPU
		{697D5EC7-E9DA-4A24-96D8-0AF5549DE9EE}.Debug|Any CPU.Build.0 = Debug|Any CPU
		{697D5EC7-E9DA-4A24-96D8-0AF5549DE9EE}.Release|Any CPU.ActiveCfg = Release|Any CPU
		{697D5EC7-E9DA-4A24-96D8-0AF5549DE9EE}.Release|Any CPU.Build.0 = Release|Any CPU
	EndGlobalSection
	GlobalSection(SolutionProperties) = preSolution
		HideSolutionNode = FALSE
	EndGlobalSection
	GlobalSection(ExtensibilityGlobals) = postSolution
		SolutionGuid = {C1F80AA5-56A5-467A-AF08-731A9599DC3A}
	EndGlobalSection
EndGlobal
