
Microsoft Visual Studio Solution File, Format Version 12.00
# Visual Studio 15
VisualStudioVersion = 15.0.27703.2018
MinimumVisualStudioVersion = 10.0.40219.1
Project("{FAE04EC0-301F-11D3-BF4B-00C04F79EFBC}") = "Rayon", "Rayon\Rayon.csproj", "{A15EDB8E-9237-4464-A725-2794F115BD39}"
EndProject
Project("{FAE04EC0-301F-11D3-BF4B-00C04F79EFBC}") = "CelciusFarenheit", "CelciusFarenheit\CelciusFarenheit.csproj", "{E94C2C91-73A9-4153-8273-160E27D23105}"
EndProject
Project("{FAE04EC0-301F-11D3-BF4B-00C04F79EFBC}") = "Avion", "Avion\Avion.csproj", "{936D7452-C209-4C3E-A26E-9592CCC9BCA0}"
EndProject
Project("{FAE04EC0-301F-11D3-BF4B-00C04F79EFBC}") = "chaineCaratere", "chaineCaratere\chaineCaratere.csproj", "{4A797EA6-5605-40BE-A7CD-D5A1301118F2}"
EndProject
Project("{FAE04EC0-301F-11D3-BF4B-00C04F79EFBC}") = "livraisons", "livraisons\livraisons.csproj", "{B0BB2FC2-332B-41F4-9F5E-2A4912810252}"
EndProject
Project("{FAE04EC0-301F-11D3-BF4B-00C04F79EFBC}") = "rechecheNombre", "rechecheNombre\rechecheNombre.csproj", "{CC0F41FF-D646-407C-91D4-9564D59071DE}"
EndProject
Project("{FAE04EC0-301F-11D3-BF4B-00C04F79EFBC}") = "equation", "equation\equation.csproj", "{35CB852F-C01C-4744-AF6A-3AE8494E0058}"
EndProject
Global
	GlobalSection(SolutionConfigurationPlatforms) = preSolution
		Debug|Any CPU = Debug|Any CPU
		Release|Any CPU = Release|Any CPU
	EndGlobalSection
	GlobalSection(ProjectConfigurationPlatforms) = postSolution
		{A15EDB8E-9237-4464-A725-2794F115BD39}.Debug|Any CPU.ActiveCfg = Debug|Any CPU
		{A15EDB8E-9237-4464-A725-2794F115BD39}.Debug|Any CPU.Build.0 = Debug|Any CPU
		{A15EDB8E-9237-4464-A725-2794F115BD39}.Release|Any CPU.ActiveCfg = Release|Any CPU
		{A15EDB8E-9237-4464-A725-2794F115BD39}.Release|Any CPU.Build.0 = Release|Any CPU
		{E94C2C91-73A9-4153-8273-160E27D23105}.Debug|Any CPU.ActiveCfg = Debug|Any CPU
		{E94C2C91-73A9-4153-8273-160E27D23105}.Debug|Any CPU.Build.0 = Debug|Any CPU
		{E94C2C91-73A9-4153-8273-160E27D23105}.Release|Any CPU.ActiveCfg = Release|Any CPU
		{E94C2C91-73A9-4153-8273-160E27D23105}.Release|Any CPU.Build.0 = Release|Any CPU
		{936D7452-C209-4C3E-A26E-9592CCC9BCA0}.Debug|Any CPU.ActiveCfg = Debug|Any CPU
		{936D7452-C209-4C3E-A26E-9592CCC9BCA0}.Debug|Any CPU.Build.0 = Debug|Any CPU
		{936D7452-C209-4C3E-A26E-9592CCC9BCA0}.Release|Any CPU.ActiveCfg = Release|Any CPU
		{936D7452-C209-4C3E-A26E-9592CCC9BCA0}.Release|Any CPU.Build.0 = Release|Any CPU
		{4A797EA6-5605-40BE-A7CD-D5A1301118F2}.Debug|Any CPU.ActiveCfg = Debug|Any CPU
		{4A797EA6-5605-40BE-A7CD-D5A1301118F2}.Debug|Any CPU.Build.0 = Debug|Any CPU
		{4A797EA6-5605-40BE-A7CD-D5A1301118F2}.Release|Any CPU.ActiveCfg = Release|Any CPU
		{4A797EA6-5605-40BE-A7CD-D5A1301118F2}.Release|Any CPU.Build.0 = Release|Any CPU
		{B0BB2FC2-332B-41F4-9F5E-2A4912810252}.Debug|Any CPU.ActiveCfg = Debug|Any CPU
		{B0BB2FC2-332B-41F4-9F5E-2A4912810252}.Debug|Any CPU.Build.0 = Debug|Any CPU
		{B0BB2FC2-332B-41F4-9F5E-2A4912810252}.Release|Any CPU.ActiveCfg = Release|Any CPU
		{B0BB2FC2-332B-41F4-9F5E-2A4912810252}.Release|Any CPU.Build.0 = Release|Any CPU
		{CC0F41FF-D646-407C-91D4-9564D59071DE}.Debug|Any CPU.ActiveCfg = Debug|Any CPU
		{CC0F41FF-D646-407C-91D4-9564D59071DE}.Debug|Any CPU.Build.0 = Debug|Any CPU
		{CC0F41FF-D646-407C-91D4-9564D59071DE}.Release|Any CPU.ActiveCfg = Release|Any CPU
		{CC0F41FF-D646-407C-91D4-9564D59071DE}.Release|Any CPU.Build.0 = Release|Any CPU
		{35CB852F-C01C-4744-AF6A-3AE8494E0058}.Debug|Any CPU.ActiveCfg = Debug|Any CPU
		{35CB852F-C01C-4744-AF6A-3AE8494E0058}.Debug|Any CPU.Build.0 = Debug|Any CPU
		{35CB852F-C01C-4744-AF6A-3AE8494E0058}.Release|Any CPU.ActiveCfg = Release|Any CPU
		{35CB852F-C01C-4744-AF6A-3AE8494E0058}.Release|Any CPU.Build.0 = Release|Any CPU
	EndGlobalSection
	GlobalSection(SolutionProperties) = preSolution
		HideSolutionNode = FALSE
	EndGlobalSection
	GlobalSection(ExtensibilityGlobals) = postSolution
		SolutionGuid = {D97888EE-3A24-40B9-868A-48A7F28B26E9}
	EndGlobalSection
EndGlobal
